// !$*UTF8*$!
{
	archiveVersion = 1;
	classes = {
	};
	objectVersion = 55;
	objects = {

/* Begin PBXBuildFile section */
		092D36462928061800AFED17 /* CheckResult.storyboard in Resources */ = {isa = PBXBuildFile; fileRef = 092D36452928061800AFED17 /* CheckResult.storyboard */; };
		092D36482928077100AFED17 /* CheckResultViewController.swift in Sources */ = {isa = PBXBuildFile; fileRef = 092D36472928077100AFED17 /* CheckResultViewController.swift */; };
		092D364E2928106B00AFED17 /* AnswerCollectionViewCell.swift in Sources */ = {isa = PBXBuildFile; fileRef = 092D364D2928106B00AFED17 /* AnswerCollectionViewCell.swift */; };
		092D36512928124A00AFED17 /* Answer.swift in Sources */ = {isa = PBXBuildFile; fileRef = 092D36502928124A00AFED17 /* Answer.swift */; };
		098602F5292D414800164C8D /* FinishScore.storyboard in Resources */ = {isa = PBXBuildFile; fileRef = 098602F4292D414800164C8D /* FinishScore.storyboard */; };
		098602F7292D417300164C8D /* FinishScoreViewController.swift in Sources */ = {isa = PBXBuildFile; fileRef = 098602F6292D417300164C8D /* FinishScoreViewController.swift */; };
		098602FA292E623400164C8D /* Tutorial.storyboard in Resources */ = {isa = PBXBuildFile; fileRef = 098602F9292E623400164C8D /* Tutorial.storyboard */; };
		098602FC292E624B00164C8D /* TutorialViewController.swift in Sources */ = {isa = PBXBuildFile; fileRef = 098602FB292E624B00164C8D /* TutorialViewController.swift */; };
		098602FF292E6E6E00164C8D /* RoundEnd.storyboard in Resources */ = {isa = PBXBuildFile; fileRef = 098602FE292E6E6E00164C8D /* RoundEnd.storyboard */; };
		09860301292E6E8900164C8D /* RoundEndViewController.swift in Sources */ = {isa = PBXBuildFile; fileRef = 09860300292E6E8900164C8D /* RoundEndViewController.swift */; };
		09860304292E765F00164C8D /* GameSettingController.swift in Sources */ = {isa = PBXBuildFile; fileRef = 09860303292E765F00164C8D /* GameSettingController.swift */; };
		09860306292E768000164C8D /* GameSetting.storyboard in Resources */ = {isa = PBXBuildFile; fileRef = 09860305292E768000164C8D /* GameSetting.storyboard */; };
		09860309292E865100164C8D /* PlayerNumberController.swift in Sources */ = {isa = PBXBuildFile; fileRef = 09860308292E865100164C8D /* PlayerNumberController.swift */; };
		0986030B292E866900164C8D /* PlayerNumber.storyboard in Resources */ = {isa = PBXBuildFile; fileRef = 0986030A292E866900164C8D /* PlayerNumber.storyboard */; };
		098EA1062913CCA400841334 /* AppDelegate.swift in Sources */ = {isa = PBXBuildFile; fileRef = 098EA1052913CCA400841334 /* AppDelegate.swift */; };
		098EA1082913CCA400841334 /* SceneDelegate.swift in Sources */ = {isa = PBXBuildFile; fileRef = 098EA1072913CCA400841334 /* SceneDelegate.swift */; };
		098EA10F2913CCA500841334 /* Assets.xcassets in Resources */ = {isa = PBXBuildFile; fileRef = 098EA10E2913CCA500841334 /* Assets.xcassets */; };
		098EA1122913CCA500841334 /* LaunchScreen.storyboard in Resources */ = {isa = PBXBuildFile; fileRef = 098EA1102913CCA500841334 /* LaunchScreen.storyboard */; };
		0991DDBD292EA0390068F517 /* StartScreen.storyboard in Resources */ = {isa = PBXBuildFile; fileRef = 0991DDBC292EA0390068F517 /* StartScreen.storyboard */; };
		0991DDBF292EA0A80068F517 /* StartScreenViewController.swift in Sources */ = {isa = PBXBuildFile; fileRef = 0991DDBE292EA0A80068F517 /* StartScreenViewController.swift */; };
		0991DDC2292FA32C0068F517 /* TopFlopTitle.xib in Resources */ = {isa = PBXBuildFile; fileRef = 0991DDC1292FA32C0068F517 /* TopFlopTitle.xib */; };
		0991DDC4292FA44F0068F517 /* TopFlopTitle.swift in Sources */ = {isa = PBXBuildFile; fileRef = 0991DDC3292FA44F0068F517 /* TopFlopTitle.swift */; };
		09ACD3E4293242530066A924 /* SettingsStorage.swift in Sources */ = {isa = PBXBuildFile; fileRef = 09ACD3E3293242530066A924 /* SettingsStorage.swift */; };
		09ACD3E829324ACF0066A924 /* GameSettingPresenter.swift in Sources */ = {isa = PBXBuildFile; fileRef = 09ACD3E729324ACF0066A924 /* GameSettingPresenter.swift */; };
		09ACD3EA29324BB10066A924 /* GameSettingAssemble.swift in Sources */ = {isa = PBXBuildFile; fileRef = 09ACD3E929324BB10066A924 /* GameSettingAssemble.swift */; };
		09ACD3EE29324F790066A924 /* GameSetting.swift in Sources */ = {isa = PBXBuildFile; fileRef = 09ACD3ED29324F790066A924 /* GameSetting.swift */; };
		09C3DDD4292BEAA600E37626 /* SmallWhiteView.swift in Sources */ = {isa = PBXBuildFile; fileRef = 09C3DDD3292BEAA600E37626 /* SmallWhiteView.swift */; };
		09E8D377292D2BAE00DD70F1 /* ChooseQuestion.storyboard in Resources */ = {isa = PBXBuildFile; fileRef = 09E8D376292D2BAE00DD70F1 /* ChooseQuestion.storyboard */; };
		09E8D379292D2BC100DD70F1 /* ChooseQuestionViewController.swift in Sources */ = {isa = PBXBuildFile; fileRef = 09E8D378292D2BC100DD70F1 /* ChooseQuestionViewController.swift */; };
		09E8D37B292D39E800DD70F1 /* Questions.swift in Sources */ = {isa = PBXBuildFile; fileRef = 09E8D37A292D39E800DD70F1 /* Questions.swift */; };
		09E8D37D292D3A5300DD70F1 /* QuestionViewCell.swift in Sources */ = {isa = PBXBuildFile; fileRef = 09E8D37C292D3A5300DD70F1 /* QuestionViewCell.swift */; };
/* End PBXBuildFile section */

/* Begin PBXFileReference section */
		092D36452928061800AFED17 /* CheckResult.storyboard */ = {isa = PBXFileReference; lastKnownFileType = file.storyboard; path = CheckResult.storyboard; sourceTree = "<group>"; };
		092D36472928077100AFED17 /* CheckResultViewController.swift */ = {isa = PBXFileReference; lastKnownFileType = sourcecode.swift; path = CheckResultViewController.swift; sourceTree = "<group>"; };
		092D364D2928106B00AFED17 /* AnswerCollectionViewCell.swift */ = {isa = PBXFileReference; lastKnownFileType = sourcecode.swift; path = AnswerCollectionViewCell.swift; sourceTree = "<group>"; };
		092D36502928124A00AFED17 /* Answer.swift */ = {isa = PBXFileReference; lastKnownFileType = sourcecode.swift; path = Answer.swift; sourceTree = "<group>"; };
		098602F4292D414800164C8D /* FinishScore.storyboard */ = {isa = PBXFileReference; lastKnownFileType = file.storyboard; path = FinishScore.storyboard; sourceTree = "<group>"; };
		098602F6292D417300164C8D /* FinishScoreViewController.swift */ = {isa = PBXFileReference; lastKnownFileType = sourcecode.swift; path = FinishScoreViewController.swift; sourceTree = "<group>"; };
		098602F9292E623400164C8D /* Tutorial.storyboard */ = {isa = PBXFileReference; lastKnownFileType = file.storyboard; path = Tutorial.storyboard; sourceTree = "<group>"; };
		098602FB292E624B00164C8D /* TutorialViewController.swift */ = {isa = PBXFileReference; lastKnownFileType = sourcecode.swift; path = TutorialViewController.swift; sourceTree = "<group>"; };
		098602FE292E6E6E00164C8D /* RoundEnd.storyboard */ = {isa = PBXFileReference; lastKnownFileType = file.storyboard; path = RoundEnd.storyboard; sourceTree = "<group>"; };
		09860300292E6E8900164C8D /* RoundEndViewController.swift */ = {isa = PBXFileReference; lastKnownFileType = sourcecode.swift; path = RoundEndViewController.swift; sourceTree = "<group>"; };
		09860303292E765F00164C8D /* GameSettingController.swift */ = {isa = PBXFileReference; lastKnownFileType = sourcecode.swift; path = GameSettingController.swift; sourceTree = "<group>"; };
		09860305292E768000164C8D /* GameSetting.storyboard */ = {isa = PBXFileReference; lastKnownFileType = file.storyboard; path = GameSetting.storyboard; sourceTree = "<group>"; };
		09860308292E865100164C8D /* PlayerNumberController.swift */ = {isa = PBXFileReference; lastKnownFileType = sourcecode.swift; path = PlayerNumberController.swift; sourceTree = "<group>"; };
		0986030A292E866900164C8D /* PlayerNumber.storyboard */ = {isa = PBXFileReference; lastKnownFileType = file.storyboard; path = PlayerNumber.storyboard; sourceTree = "<group>"; };
		098EA1022913CCA400841334 /* top-flop.app */ = {isa = PBXFileReference; explicitFileType = wrapper.application; includeInIndex = 0; path = "top-flop.app"; sourceTree = BUILT_PRODUCTS_DIR; };
		098EA1052913CCA400841334 /* AppDelegate.swift */ = {isa = PBXFileReference; lastKnownFileType = sourcecode.swift; path = AppDelegate.swift; sourceTree = "<group>"; };
		098EA1072913CCA400841334 /* SceneDelegate.swift */ = {isa = PBXFileReference; lastKnownFileType = sourcecode.swift; path = SceneDelegate.swift; sourceTree = "<group>"; };
		098EA10E2913CCA500841334 /* Assets.xcassets */ = {isa = PBXFileReference; lastKnownFileType = folder.assetcatalog; path = Assets.xcassets; sourceTree = "<group>"; };
		098EA1112913CCA500841334 /* Base */ = {isa = PBXFileReference; lastKnownFileType = file.storyboard; name = Base; path = Base.lproj/LaunchScreen.storyboard; sourceTree = "<group>"; };
		098EA1132913CCA500841334 /* Info.plist */ = {isa = PBXFileReference; lastKnownFileType = text.plist.xml; path = Info.plist; sourceTree = "<group>"; };
		0991DDBC292EA0390068F517 /* StartScreen.storyboard */ = {isa = PBXFileReference; lastKnownFileType = file.storyboard; path = StartScreen.storyboard; sourceTree = "<group>"; };
		0991DDBE292EA0A80068F517 /* StartScreenViewController.swift */ = {isa = PBXFileReference; lastKnownFileType = sourcecode.swift; path = StartScreenViewController.swift; sourceTree = "<group>"; };
		0991DDC1292FA32C0068F517 /* TopFlopTitle.xib */ = {isa = PBXFileReference; lastKnownFileType = file.xib; path = TopFlopTitle.xib; sourceTree = "<group>"; };
		0991DDC3292FA44F0068F517 /* TopFlopTitle.swift */ = {isa = PBXFileReference; lastKnownFileType = sourcecode.swift; path = TopFlopTitle.swift; sourceTree = "<group>"; };
		09ACD3E3293242530066A924 /* SettingsStorage.swift */ = {isa = PBXFileReference; lastKnownFileType = sourcecode.swift; path = SettingsStorage.swift; sourceTree = "<group>"; };
		09ACD3E729324ACF0066A924 /* GameSettingPresenter.swift */ = {isa = PBXFileReference; lastKnownFileType = sourcecode.swift; path = GameSettingPresenter.swift; sourceTree = "<group>"; };
		09ACD3E929324BB10066A924 /* GameSettingAssemble.swift */ = {isa = PBXFileReference; lastKnownFileType = sourcecode.swift; path = GameSettingAssemble.swift; sourceTree = "<group>"; };
		09ACD3ED29324F790066A924 /* GameSetting.swift */ = {isa = PBXFileReference; lastKnownFileType = sourcecode.swift; path = GameSetting.swift; sourceTree = "<group>"; };
		09C3DDD3292BEAA600E37626 /* SmallWhiteView.swift */ = {isa = PBXFileReference; lastKnownFileType = sourcecode.swift; path = SmallWhiteView.swift; sourceTree = "<group>"; };
		09E8D376292D2BAE00DD70F1 /* ChooseQuestion.storyboard */ = {isa = PBXFileReference; lastKnownFileType = file.storyboard; path = ChooseQuestion.storyboard; sourceTree = "<group>"; };
		09E8D378292D2BC100DD70F1 /* ChooseQuestionViewController.swift */ = {isa = PBXFileReference; lastKnownFileType = sourcecode.swift; path = ChooseQuestionViewController.swift; sourceTree = "<group>"; };
		09E8D37A292D39E800DD70F1 /* Questions.swift */ = {isa = PBXFileReference; lastKnownFileType = sourcecode.swift; path = Questions.swift; sourceTree = "<group>"; };
		09E8D37C292D3A5300DD70F1 /* QuestionViewCell.swift */ = {isa = PBXFileReference; lastKnownFileType = sourcecode.swift; path = QuestionViewCell.swift; sourceTree = "<group>"; };
/* End PBXFileReference section */

/* Begin PBXFrameworksBuildPhase section */
		098EA0FF2913CCA400841334 /* Frameworks */ = {
			isa = PBXFrameworksBuildPhase;
			buildActionMask = 2147483647;
			files = (
			);
			runOnlyForDeploymentPostprocessing = 0;
		};
/* End PBXFrameworksBuildPhase section */

/* Begin PBXGroup section */
		092D3644292805BC00AFED17 /* CheckResult */ = {
			isa = PBXGroup;
			children = (
				092D364F2928123B00AFED17 /* Model */,
				092D364929280F9F00AFED17 /* View */,
			);
			path = CheckResult;
			sourceTree = "<group>";
		};
		092D364929280F9F00AFED17 /* View */ = {
			isa = PBXGroup;
			children = (
				092D36472928077100AFED17 /* CheckResultViewController.swift */,
				092D36452928061800AFED17 /* CheckResult.storyboard */,
				092D364D2928106B00AFED17 /* AnswerCollectionViewCell.swift */,
			);
			path = View;
			sourceTree = "<group>";
		};
		092D364F2928123B00AFED17 /* Model */ = {
			isa = PBXGroup;
			children = (
				092D36502928124A00AFED17 /* Answer.swift */,
			);
			path = Model;
			sourceTree = "<group>";
		};
		098602F3292D412B00164C8D /* FinishScore */ = {
			isa = PBXGroup;
			children = (
				098602F6292D417300164C8D /* FinishScoreViewController.swift */,
				098602F4292D414800164C8D /* FinishScore.storyboard */,
			);
			path = FinishScore;
			sourceTree = "<group>";
		};
		098602F8292E621000164C8D /* Tutorial */ = {
			isa = PBXGroup;
			children = (
				098602F9292E623400164C8D /* Tutorial.storyboard */,
				098602FB292E624B00164C8D /* TutorialViewController.swift */,
			);
			path = Tutorial;
			sourceTree = "<group>";
		};
		098602FD292E6E5500164C8D /* RoundEnd */ = {
			isa = PBXGroup;
			children = (
				098602FE292E6E6E00164C8D /* RoundEnd.storyboard */,
				09860300292E6E8900164C8D /* RoundEndViewController.swift */,
			);
			path = RoundEnd;
			sourceTree = "<group>";
		};
		09860302292E760900164C8D /* GameSetting */ = {
			isa = PBXGroup;
			children = (
				09ACD3EC29324C4A0066A924 /* Model */,
				09ACD3EB29324C3D0066A924 /* View */,
				09ACD3E529324AB10066A924 /* Presenter */,
				09ACD3E929324BB10066A924 /* GameSettingAssemble.swift */,
			);
			path = GameSetting;
			sourceTree = "<group>";
		};
		09860307292E858700164C8D /* PlayerNumber */ = {
			isa = PBXGroup;
			children = (
				09860308292E865100164C8D /* PlayerNumberController.swift */,
				0986030A292E866900164C8D /* PlayerNumber.storyboard */,
			);
			path = PlayerNumber;
			sourceTree = "<group>";
		};
		098EA0F92913CCA400841334 = {
			isa = PBXGroup;
			children = (
				098EA1042913CCA400841334 /* top-flop */,
				098EA1032913CCA400841334 /* Products */,
			);
			sourceTree = "<group>";
		};
		098EA1032913CCA400841334 /* Products */ = {
			isa = PBXGroup;
			children = (
				098EA1022913CCA400841334 /* top-flop.app */,
			);
			name = Products;
			sourceTree = "<group>";
		};
		098EA1042913CCA400841334 /* top-flop */ = {
			isa = PBXGroup;
			children = (
				0991DDBB292E9FFE0068F517 /* StartScreen */,
				09860307292E858700164C8D /* PlayerNumber */,
				09860302292E760900164C8D /* GameSetting */,
				098602FD292E6E5500164C8D /* RoundEnd */,
				098602F8292E621000164C8D /* Tutorial */,
				098602F3292D412B00164C8D /* FinishScore */,
				09E8D375292D2B9600DD70F1 /* ChooseQuestion */,
				09C3DDD2292BEA4E00E37626 /* ViewElements */,
				092D3644292805BC00AFED17 /* CheckResult */,
				098EA1052913CCA400841334 /* AppDelegate.swift */,
				098EA1072913CCA400841334 /* SceneDelegate.swift */,
				098EA10E2913CCA500841334 /* Assets.xcassets */,
				098EA1102913CCA500841334 /* LaunchScreen.storyboard */,
				098EA1132913CCA500841334 /* Info.plist */,
			);
			path = "top-flop";
			sourceTree = "<group>";
		};
		0991DDBB292E9FFE0068F517 /* StartScreen */ = {
			isa = PBXGroup;
			children = (
				0991DDBC292EA0390068F517 /* StartScreen.storyboard */,
				0991DDBE292EA0A80068F517 /* StartScreenViewController.swift */,
			);
			name = StartScreen;
			sourceTree = "<group>";
		};
		0991DDC0292FA2C40068F517 /* TopFlopTitle */ = {
			isa = PBXGroup;
			children = (
				0991DDC1292FA32C0068F517 /* TopFlopTitle.xib */,
				0991DDC3292FA44F0068F517 /* TopFlopTitle.swift */,
			);
			path = TopFlopTitle;
			sourceTree = "<group>";
		};
		09ACD3E529324AB10066A924 /* Presenter */ = {
			isa = PBXGroup;
			children = (
				09ACD3E729324ACF0066A924 /* GameSettingPresenter.swift */,
			);
			path = Presenter;
			sourceTree = "<group>";
		};
		09ACD3EB29324C3D0066A924 /* View */ = {
			isa = PBXGroup;
			children = (
				09860303292E765F00164C8D /* GameSettingController.swift */,
				09860305292E768000164C8D /* GameSetting.storyboard */,
			);
			path = View;
			sourceTree = "<group>";
		};
		09ACD3EC29324C4A0066A924 /* Model */ = {
			isa = PBXGroup;
			children = (
				09ACD3E3293242530066A924 /* SettingsStorage.swift */,
				09ACD3ED29324F790066A924 /* GameSetting.swift */,
			);
			path = Model;
			sourceTree = "<group>";
		};
		09C3DDD2292BEA4E00E37626 /* ViewElements */ = {
			isa = PBXGroup;
			children = (
				0991DDC0292FA2C40068F517 /* TopFlopTitle */,
				09C3DDD3292BEAA600E37626 /* SmallWhiteView.swift */,
			);
			path = ViewElements;
			sourceTree = "<group>";
		};
		09E8D375292D2B9600DD70F1 /* ChooseQuestion */ = {
			isa = PBXGroup;
			children = (
				09E8D376292D2BAE00DD70F1 /* ChooseQuestion.storyboard */,
				09E8D378292D2BC100DD70F1 /* ChooseQuestionViewController.swift */,
				09E8D37A292D39E800DD70F1 /* Questions.swift */,
				09E8D37C292D3A5300DD70F1 /* QuestionViewCell.swift */,
			);
			path = ChooseQuestion;
			sourceTree = "<group>";
		};
/* End PBXGroup section */

/* Begin PBXNativeTarget section */
		098EA1012913CCA400841334 /* top-flop */ = {
			isa = PBXNativeTarget;
			buildConfigurationList = 098EA1162913CCA500841334 /* Build configuration list for PBXNativeTarget "top-flop" */;
			buildPhases = (
				098EA0FE2913CCA400841334 /* Sources */,
				098EA0FF2913CCA400841334 /* Frameworks */,
				098EA1002913CCA400841334 /* Resources */,
			);
			buildRules = (
			);
			dependencies = (
			);
			name = "top-flop";
			productName = "top-flop";
			productReference = 098EA1022913CCA400841334 /* top-flop.app */;
			productType = "com.apple.product-type.application";
		};
/* End PBXNativeTarget section */

/* Begin PBXProject section */
		098EA0FA2913CCA400841334 /* Project object */ = {
			isa = PBXProject;
			attributes = {
				BuildIndependentTargetsInParallel = 1;
				LastSwiftUpdateCheck = 1320;
				LastUpgradeCheck = 1320;
				TargetAttributes = {
					098EA1012913CCA400841334 = {
						CreatedOnToolsVersion = 13.2.1;
					};
				};
			};
			buildConfigurationList = 098EA0FD2913CCA400841334 /* Build configuration list for PBXProject "top-flop" */;
			compatibilityVersion = "Xcode 13.0";
			developmentRegion = en;
			hasScannedForEncodings = 0;
			knownRegions = (
				en,
				Base,
			);
			mainGroup = 098EA0F92913CCA400841334;
			productRefGroup = 098EA1032913CCA400841334 /* Products */;
			projectDirPath = "";
			projectRoot = "";
			targets = (
				098EA1012913CCA400841334 /* top-flop */,
			);
		};
/* End PBXProject section */

/* Begin PBXResourcesBuildPhase section */
		098EA1002913CCA400841334 /* Resources */ = {
			isa = PBXResourcesBuildPhase;
			buildActionMask = 2147483647;
			files = (
				098EA1122913CCA500841334 /* LaunchScreen.storyboard in Resources */,
				09E8D377292D2BAE00DD70F1 /* ChooseQuestion.storyboard in Resources */,
				0986030B292E866900164C8D /* PlayerNumber.storyboard in Resources */,
				0991DDBD292EA0390068F517 /* StartScreen.storyboard in Resources */,
				098602F5292D414800164C8D /* FinishScore.storyboard in Resources */,
				098EA10F2913CCA500841334 /* Assets.xcassets in Resources */,
				098602FF292E6E6E00164C8D /* RoundEnd.storyboard in Resources */,
				09860306292E768000164C8D /* GameSetting.storyboard in Resources */,
				0991DDC2292FA32C0068F517 /* TopFlopTitle.xib in Resources */,
				098602FA292E623400164C8D /* Tutorial.storyboard in Resources */,
				092D36462928061800AFED17 /* CheckResult.storyboard in Resources */,
			);
			runOnlyForDeploymentPostprocessing = 0;
		};
/* End PBXResourcesBuildPhase section */

/* Begin PBXSourcesBuildPhase section */
		098EA0FE2913CCA400841334 /* Sources */ = {
			isa = PBXSourcesBuildPhase;
			buildActionMask = 2147483647;
			files = (
				098602F7292D417300164C8D /* FinishScoreViewController.swift in Sources */,
				09E8D37B292D39E800DD70F1 /* Questions.swift in Sources */,
				09860309292E865100164C8D /* PlayerNumberController.swift in Sources */,
				09ACD3EA29324BB10066A924 /* GameSettingAssemble.swift in Sources */,
				09ACD3EE29324F790066A924 /* GameSetting.swift in Sources */,
				09ACD3E4293242530066A924 /* SettingsStorage.swift in Sources */,
				0991DDC4292FA44F0068F517 /* TopFlopTitle.swift in Sources */,
				092D364E2928106B00AFED17 /* AnswerCollectionViewCell.swift in Sources */,
				09E8D379292D2BC100DD70F1 /* ChooseQuestionViewController.swift in Sources */,
				09860301292E6E8900164C8D /* RoundEndViewController.swift in Sources */,
				098EA1062913CCA400841334 /* AppDelegate.swift in Sources */,
				09C3DDD4292BEAA600E37626 /* SmallWhiteView.swift in Sources */,
				09860304292E765F00164C8D /* GameSettingController.swift in Sources */,
				09ACD3E829324ACF0066A924 /* GameSettingPresenter.swift in Sources */,
				0991DDBF292EA0A80068F517 /* StartScreenViewController.swift in Sources */,
				09E8D37D292D3A5300DD70F1 /* QuestionViewCell.swift in Sources */,
				092D36512928124A00AFED17 /* Answer.swift in Sources */,
				092D36482928077100AFED17 /* CheckResultViewController.swift in Sources */,
				098602FC292E624B00164C8D /* TutorialViewController.swift in Sources */,
				098EA1082913CCA400841334 /* SceneDelegate.swift in Sources */,
			);
			runOnlyForDeploymentPostprocessing = 0;
		};
/* End PBXSourcesBuildPhase section */

/* Begin PBXVariantGroup section */
		098EA1102913CCA500841334 /* LaunchScreen.storyboard */ = {
			isa = PBXVariantGroup;
			children = (
				098EA1112913CCA500841334 /* Base */,
			);
			name = LaunchScreen.storyboard;
			sourceTree = "<group>";
		};
/* End PBXVariantGroup section */

/* Begin XCBuildConfiguration section */
		098EA1142913CCA500841334 /* Debug */ = {
			isa = XCBuildConfiguration;
			buildSettings = {
				ALWAYS_SEARCH_USER_PATHS = NO;
				CLANG_ANALYZER_NONNULL = YES;
				CLANG_ANALYZER_NUMBER_OBJECT_CONVERSION = YES_AGGRESSIVE;
				CLANG_CXX_LANGUAGE_STANDARD = "gnu++17";
				CLANG_CXX_LIBRARY = "libc++";
				CLANG_ENABLE_MODULES = YES;
				CLANG_ENABLE_OBJC_ARC = YES;
				CLANG_ENABLE_OBJC_WEAK = YES;
				CLANG_WARN_BLOCK_CAPTURE_AUTORELEASING = YES;
				CLANG_WARN_BOOL_CONVERSION = YES;
				CLANG_WARN_COMMA = YES;
				CLANG_WARN_CONSTANT_CONVERSION = YES;
				CLANG_WARN_DEPRECATED_OBJC_IMPLEMENTATIONS = YES;
				CLANG_WARN_DIRECT_OBJC_ISA_USAGE = YES_ERROR;
				CLANG_WARN_DOCUMENTATION_COMMENTS = YES;
				CLANG_WARN_EMPTY_BODY = YES;
				CLANG_WARN_ENUM_CONVERSION = YES;
				CLANG_WARN_INFINITE_RECURSION = YES;
				CLANG_WARN_INT_CONVERSION = YES;
				CLANG_WARN_NON_LITERAL_NULL_CONVERSION = YES;
				CLANG_WARN_OBJC_IMPLICIT_RETAIN_SELF = YES;
				CLANG_WARN_OBJC_LITERAL_CONVERSION = YES;
				CLANG_WARN_OBJC_ROOT_CLASS = YES_ERROR;
				CLANG_WARN_QUOTED_INCLUDE_IN_FRAMEWORK_HEADER = YES;
				CLANG_WARN_RANGE_LOOP_ANALYSIS = YES;
				CLANG_WARN_STRICT_PROTOTYPES = YES;
				CLANG_WARN_SUSPICIOUS_MOVE = YES;
				CLANG_WARN_UNGUARDED_AVAILABILITY = YES_AGGRESSIVE;
				CLANG_WARN_UNREACHABLE_CODE = YES;
				CLANG_WARN__DUPLICATE_METHOD_MATCH = YES;
				COPY_PHASE_STRIP = NO;
				DEBUG_INFORMATION_FORMAT = dwarf;
				ENABLE_STRICT_OBJC_MSGSEND = YES;
				ENABLE_TESTABILITY = YES;
				GCC_C_LANGUAGE_STANDARD = gnu11;
				GCC_DYNAMIC_NO_PIC = NO;
				GCC_NO_COMMON_BLOCKS = YES;
				GCC_OPTIMIZATION_LEVEL = 0;
				GCC_PREPROCESSOR_DEFINITIONS = (
					"DEBUG=1",
					"$(inherited)",
				);
				GCC_WARN_64_TO_32_BIT_CONVERSION = YES;
				GCC_WARN_ABOUT_RETURN_TYPE = YES_ERROR;
				GCC_WARN_UNDECLARED_SELECTOR = YES;
				GCC_WARN_UNINITIALIZED_AUTOS = YES_AGGRESSIVE;
				GCC_WARN_UNUSED_FUNCTION = YES;
				GCC_WARN_UNUSED_VARIABLE = YES;
				IPHONEOS_DEPLOYMENT_TARGET = 15.2;
				MTL_ENABLE_DEBUG_INFO = INCLUDE_SOURCE;
				MTL_FAST_MATH = YES;
				ONLY_ACTIVE_ARCH = YES;
				SDKROOT = iphoneos;
				SWIFT_ACTIVE_COMPILATION_CONDITIONS = DEBUG;
				SWIFT_OPTIMIZATION_LEVEL = "-Onone";
			};
			name = Debug;
		};
		098EA1152913CCA500841334 /* Release */ = {
			isa = XCBuildConfiguration;
			buildSettings = {
				ALWAYS_SEARCH_USER_PATHS = NO;
				CLANG_ANALYZER_NONNULL = YES;
				CLANG_ANALYZER_NUMBER_OBJECT_CONVERSION = YES_AGGRESSIVE;
				CLANG_CXX_LANGUAGE_STANDARD = "gnu++17";
				CLANG_CXX_LIBRARY = "libc++";
				CLANG_ENABLE_MODULES = YES;
				CLANG_ENABLE_OBJC_ARC = YES;
				CLANG_ENABLE_OBJC_WEAK = YES;
				CLANG_WARN_BLOCK_CAPTURE_AUTORELEASING = YES;
				CLANG_WARN_BOOL_CONVERSION = YES;
				CLANG_WARN_COMMA = YES;
				CLANG_WARN_CONSTANT_CONVERSION = YES;
				CLANG_WARN_DEPRECATED_OBJC_IMPLEMENTATIONS = YES;
				CLANG_WARN_DIRECT_OBJC_ISA_USAGE = YES_ERROR;
				CLANG_WARN_DOCUMENTATION_COMMENTS = YES;
				CLANG_WARN_EMPTY_BODY = YES;
				CLANG_WARN_ENUM_CONVERSION = YES;
				CLANG_WARN_INFINITE_RECURSION = YES;
				CLANG_WARN_INT_CONVERSION = YES;
				CLANG_WARN_NON_LITERAL_NULL_CONVERSION = YES;
				CLANG_WARN_OBJC_IMPLICIT_RETAIN_SELF = YES;
				CLANG_WARN_OBJC_LITERAL_CONVERSION = YES;
				CLANG_WARN_OBJC_ROOT_CLASS = YES_ERROR;
				CLANG_WARN_QUOTED_INCLUDE_IN_FRAMEWORK_HEADER = YES;
				CLANG_WARN_RANGE_LOOP_ANALYSIS = YES;
				CLANG_WARN_STRICT_PROTOTYPES = YES;
				CLANG_WARN_SUSPICIOUS_MOVE = YES;
				CLANG_WARN_UNGUARDED_AVAILABILITY = YES_AGGRESSIVE;
				CLANG_WARN_UNREACHABLE_CODE = YES;
				CLANG_WARN__DUPLICATE_METHOD_MATCH = YES;
				COPY_PHASE_STRIP = NO;
				DEBUG_INFORMATION_FORMAT = "dwarf-with-dsym";
				ENABLE_NS_ASSERTIONS = NO;
				ENABLE_STRICT_OBJC_MSGSEND = YES;
				GCC_C_LANGUAGE_STANDARD = gnu11;
				GCC_NO_COMMON_BLOCKS = YES;
				GCC_WARN_64_TO_32_BIT_CONVERSION = YES;
				GCC_WARN_ABOUT_RETURN_TYPE = YES_ERROR;
				GCC_WARN_UNDECLARED_SELECTOR = YES;
				GCC_WARN_UNINITIALIZED_AUTOS = YES_AGGRESSIVE;
				GCC_WARN_UNUSED_FUNCTION = YES;
				GCC_WARN_UNUSED_VARIABLE = YES;
				IPHONEOS_DEPLOYMENT_TARGET = 15.2;
				MTL_ENABLE_DEBUG_INFO = NO;
				MTL_FAST_MATH = YES;
				SDKROOT = iphoneos;
				SWIFT_COMPILATION_MODE = wholemodule;
				SWIFT_OPTIMIZATION_LEVEL = "-O";
				VALIDATE_PRODUCT = YES;
			};
			name = Release;
		};
		098EA1172913CCA500841334 /* Debug */ = {
			isa = XCBuildConfiguration;
			buildSettings = {
				ASSETCATALOG_COMPILER_APPICON_NAME = AppIcon;
				ASSETCATALOG_COMPILER_GLOBAL_ACCENT_COLOR_NAME = AccentColor;
				CODE_SIGN_STYLE = Automatic;
				CURRENT_PROJECT_VERSION = 1;
				DEVELOPMENT_TEAM = 4MM7R699C5;
				GENERATE_INFOPLIST_FILE = YES;
				INFOPLIST_FILE = "top-flop/Info.plist";
				INFOPLIST_KEY_UIApplicationSupportsIndirectInputEvents = YES;
				INFOPLIST_KEY_UILaunchStoryboardName = LaunchScreen;
				INFOPLIST_KEY_UIMainStoryboardFile = StartScreen;
				INFOPLIST_KEY_UISupportedInterfaceOrientations_iPad = "UIInterfaceOrientationPortrait UIInterfaceOrientationPortraitUpsideDown UIInterfaceOrientationLandscapeLeft UIInterfaceOrientationLandscapeRight";
				INFOPLIST_KEY_UISupportedInterfaceOrientations_iPhone = "UIInterfaceOrientationPortrait UIInterfaceOrientationLandscapeLeft UIInterfaceOrientationLandscapeRight";
				LD_RUNPATH_SEARCH_PATHS = (
					"$(inherited)",
					"@executable_path/Frameworks",
				);
				MARKETING_VERSION = 1.0;
				PRODUCT_BUNDLE_IDENTIFIER = "ru.ilia.rodionov.top-flop";
				PRODUCT_NAME = "$(TARGET_NAME)";
				SWIFT_EMIT_LOC_STRINGS = YES;
				SWIFT_VERSION = 5.0;
				TARGETED_DEVICE_FAMILY = "1,2";
			};
			name = Debug;
		};
		098EA1182913CCA500841334 /* Release */ = {
			isa = XCBuildConfiguration;
			buildSettings = {
				ASSETCATALOG_COMPILER_APPICON_NAME = AppIcon;
				ASSETCATALOG_COMPILER_GLOBAL_ACCENT_COLOR_NAME = AccentColor;
				CODE_SIGN_STYLE = Automatic;
				CURRENT_PROJECT_VERSION = 1;
				DEVELOPMENT_TEAM = 4MM7R699C5;
				GENERATE_INFOPLIST_FILE = YES;
				INFOPLIST_FILE = "top-flop/Info.plist";
				INFOPLIST_KEY_UIApplicationSupportsIndirectInputEvents = YES;
				INFOPLIST_KEY_UILaunchStoryboardName = LaunchScreen;
				INFOPLIST_KEY_UIMainStoryboardFile = StartScreen;
				INFOPLIST_KEY_UISupportedInterfaceOrientations_iPad = "UIInterfaceOrientationPortrait UIInterfaceOrientationPortraitUpsideDown UIInterfaceOrientationLandscapeLeft UIInterfaceOrientationLandscapeRight";
				INFOPLIST_KEY_UISupportedInterfaceOrientations_iPhone = "UIInterfaceOrientationPortrait UIInterfaceOrientationLandscapeLeft UIInterfaceOrientationLandscapeRight";
				LD_RUNPATH_SEARCH_PATHS = (
					"$(inherited)",
					"@executable_path/Frameworks",
				);
				MARKETING_VERSION = 1.0;
				PRODUCT_BUNDLE_IDENTIFIER = "ru.ilia.rodionov.top-flop";
				PRODUCT_NAME = "$(TARGET_NAME)";
				SWIFT_EMIT_LOC_STRINGS = YES;
				SWIFT_VERSION = 5.0;
				TARGETED_DEVICE_FAMILY = "1,2";
			};
			name = Release;
		};
/* End XCBuildConfiguration section */

/* Begin XCConfigurationList section */
		098EA0FD2913CCA400841334 /* Build configuration list for PBXProject "top-flop" */ = {
			isa = XCConfigurationList;
			buildConfigurations = (
				098EA1142913CCA500841334 /* Debug */,
				098EA1152913CCA500841334 /* Release */,
			);
			defaultConfigurationIsVisible = 0;
			defaultConfigurationName = Release;
		};
		098EA1162913CCA500841334 /* Build configuration list for PBXNativeTarget "top-flop" */ = {
			isa = XCConfigurationList;
			buildConfigurations = (
				098EA1172913CCA500841334 /* Debug */,
				098EA1182913CCA500841334 /* Release */,
			);
			defaultConfigurationIsVisible = 0;
			defaultConfigurationName = Release;
		};
/* End XCConfigurationList section */
	};
	rootObject = 098EA0FA2913CCA400841334 /* Project object */;
}
